
Microsoft Visual Studio Solution File, Format Version 12.00
# Visual Studio Version 17
VisualStudioVersion = 17.9.34607.119
MinimumVisualStudioVersion = 10.0.40219.1
Project("{D2ABAB84-BF74-430A-B69E-9DC6D40DDA17}") = "IoT Warehouse", "IoT Warehouse.dwproj", "{AB6C0CFA-DBA6-4EE8-83A0-DD8418FDD0F1}"
EndProject
Global
	GlobalSection(SolutionConfigurationPlatforms) = preSolution
		Development|Default = Development|Default
	EndGlobalSection
	GlobalSection(ProjectConfigurationPlatforms) = postSolution
		{AB6C0CFA-DBA6-4EE8-83A0-DD8418FDD0F1}.Development|Default.ActiveCfg = Development
		{AB6C0CFA-DBA6-4EE8-83A0-DD8418FDD0F1}.Development|Default.Build.0 = Development
		{AB6C0CFA-DBA6-4EE8-83A0-DD8418FDD0F1}.Development|Default.Deploy.0 = Development
	EndGlobalSection
	GlobalSection(SolutionProperties) = preSolution
		HideSolutionNode = FALSE
	EndGlobalSection
	GlobalSection(ExtensibilityGlobals) = postSolution
		SolutionGuid = {212C554D-D05F-4AD8-A78B-0CF5FCE75A1B}
	EndGlobalSection
EndGlobal
